
Microsoft Visual Studio Solution File, Format Version 12.00
# Visual Studio 14
VisualStudioVersion = 14.0.24720.0
MinimumVisualStudioVersion = 10.0.40219.1
Project("{FAE04EC0-301F-11D3-BF4B-00C04F79EFBC}") = "WCFServicePOC.Client", "WCFServicePOC.Client\WCFServicePOC.Client.csproj", "{316C9470-6677-472C-A473-C28FE2C7B590}"
EndProject
Project("{FAE04EC0-301F-11D3-BF4B-00C04F79EFBC}") = "WCFServicePOC.Common", "WCFServicePOC.Common\WCFServicePOC.Common.csproj", "{E2E02ED4-3B37-445F-94A8-E34E6010333E}"
EndProject
Project("{FAE04EC0-301F-11D3-BF4B-00C04F79EFBC}") = "WCFServicePOC.Server.Tests", "WCFServicePOC.Server.Tests\WCFServicePOC.Server.Tests.csproj", "{95DBD9B3-40ED-427C-966E-B4FF8E7EC4F4}"
EndProject
Project("{FAE04EC0-301F-11D3-BF4B-00C04F79EFBC}") = "WCFServicePOC.Client.Tests", "WCFServicePOC.Client.Tests\WCFServicePOC.Client.Tests.csproj", "{B26804AD-CB28-4729-A3CC-74D922E6EF6F}"
EndProject
Project("{FAE04EC0-301F-11D3-BF4B-00C04F79EFBC}") = "WCFServicePOC.Common.Tests", "WCFServicePOC.Common.Tests\WCFServicePOC.Common.Tests.csproj", "{4FBDAE96-8801-499E-9BD1-651682A4B5C5}"
EndProject
Project("{FAE04EC0-301F-11D3-BF4B-00C04F79EFBC}") = "WCFServicePOC.Service", "WCFServicePOC.Service\WCFServicePOC.Service.csproj", "{88B97AC9-1729-4A01-9C3D-128DE95D3093}"
EndProject
Global
	GlobalSection(SolutionConfigurationPlatforms) = preSolution
		Debug|Any CPU = Debug|Any CPU
		Release|Any CPU = Release|Any CPU
	EndGlobalSection
	GlobalSection(ProjectConfigurationPlatforms) = postSolution
		{316C9470-6677-472C-A473-C28FE2C7B590}.Debug|Any CPU.ActiveCfg = Debug|Any CPU
		{316C9470-6677-472C-A473-C28FE2C7B590}.Debug|Any CPU.Build.0 = Debug|Any CPU
		{316C9470-6677-472C-A473-C28FE2C7B590}.Release|Any CPU.ActiveCfg = Release|Any CPU
		{316C9470-6677-472C-A473-C28FE2C7B590}.Release|Any CPU.Build.0 = Release|Any CPU
		{E2E02ED4-3B37-445F-94A8-E34E6010333E}.Debug|Any CPU.ActiveCfg = Debug|Any CPU
		{E2E02ED4-3B37-445F-94A8-E34E6010333E}.Debug|Any CPU.Build.0 = Debug|Any CPU
		{E2E02ED4-3B37-445F-94A8-E34E6010333E}.Release|Any CPU.ActiveCfg = Release|Any CPU
		{E2E02ED4-3B37-445F-94A8-E34E6010333E}.Release|Any CPU.Build.0 = Release|Any CPU
		{95DBD9B3-40ED-427C-966E-B4FF8E7EC4F4}.Debug|Any CPU.ActiveCfg = Debug|Any CPU
		{95DBD9B3-40ED-427C-966E-B4FF8E7EC4F4}.Debug|Any CPU.Build.0 = Debug|Any CPU
		{95DBD9B3-40ED-427C-966E-B4FF8E7EC4F4}.Release|Any CPU.ActiveCfg = Release|Any CPU
		{95DBD9B3-40ED-427C-966E-B4FF8E7EC4F4}.Release|Any CPU.Build.0 = Release|Any CPU
		{B26804AD-CB28-4729-A3CC-74D922E6EF6F}.Debug|Any CPU.ActiveCfg = Debug|Any CPU
		{B26804AD-CB28-4729-A3CC-74D922E6EF6F}.Debug|Any CPU.Build.0 = Debug|Any CPU
		{B26804AD-CB28-4729-A3CC-74D922E6EF6F}.Release|Any CPU.ActiveCfg = Release|Any CPU
		{B26804AD-CB28-4729-A3CC-74D922E6EF6F}.Release|Any CPU.Build.0 = Release|Any CPU
		{4FBDAE96-8801-499E-9BD1-651682A4B5C5}.Debug|Any CPU.ActiveCfg = Debug|Any CPU
		{4FBDAE96-8801-499E-9BD1-651682A4B5C5}.Debug|Any CPU.Build.0 = Debug|Any CPU
		{4FBDAE96-8801-499E-9BD1-651682A4B5C5}.Release|Any CPU.ActiveCfg = Release|Any CPU
		{4FBDAE96-8801-499E-9BD1-651682A4B5C5}.Release|Any CPU.Build.0 = Release|Any CPU
		{88B97AC9-1729-4A01-9C3D-128DE95D3093}.Debug|Any CPU.ActiveCfg = Debug|Any CPU
		{88B97AC9-1729-4A01-9C3D-128DE95D3093}.Debug|Any CPU.Build.0 = Debug|Any CPU
		{88B97AC9-1729-4A01-9C3D-128DE95D3093}.Release|Any CPU.ActiveCfg = Release|Any CPU
		{88B97AC9-1729-4A01-9C3D-128DE95D3093}.Release|Any CPU.Build.0 = Release|Any CPU
	EndGlobalSection
	GlobalSection(SolutionProperties) = preSolution
		HideSolutionNode = FALSE
	EndGlobalSection
EndGlobal
